
Microsoft Visual Studio Solution File, Format Version 12.00
# Visual Studio Version 17
VisualStudioVersion = 17.7.34003.232
MinimumVisualStudioVersion = 10.0.40219.1
Project("{FAE04EC0-301F-11D3-BF4B-00C04F79EFBC}") = "Projeto-PBL", "Projeto-PBL\Projeto-PBL.csproj", "{4457960F-B727-4DA1-AE72-6D6EE60C79A7}"
EndProject
Global
	GlobalSection(SolutionConfigurationPlatforms) = preSolution
		Debug|Any CPU = Debug|Any CPU
		Release|Any CPU = Release|Any CPU
	EndGlobalSection
	GlobalSection(ProjectConfigurationPlatforms) = postSolution
		{4457960F-B727-4DA1-AE72-6D6EE60C79A7}.Debug|Any CPU.ActiveCfg = Debug|Any CPU
		{4457960F-B727-4DA1-AE72-6D6EE60C79A7}.Debug|Any CPU.Build.0 = Debug|Any CPU
		{4457960F-B727-4DA1-AE72-6D6EE60C79A7}.Release|Any CPU.ActiveCfg = Release|Any CPU
		{4457960F-B727-4DA1-AE72-6D6EE60C79A7}.Release|Any CPU.Build.0 = Release|Any CPU
	EndGlobalSection
	GlobalSection(SolutionProperties) = preSolution
		HideSolutionNode = FALSE
	EndGlobalSection
	GlobalSection(ExtensibilityGlobals) = postSolution
		SolutionGuid = {AFCDE275-A153-43D3-BFD2-4D3A2C30DCFB}
	EndGlobalSection
EndGlobal
