
Microsoft Visual Studio Solution File, Format Version 12.00
# Visual Studio Version 17
VisualStudioVersion = 17.7.34003.232
MinimumVisualStudioVersion = 10.0.40219.1
Project("{FAE04EC0-301F-11D3-BF4B-00C04F79EFBC}") = "projeto_pbl", "projeto_pbl\projeto_pbl.csproj", "{FBC68F71-7169-4C9C-B8EE-364213DD1658}"
EndProject
Global
	GlobalSection(SolutionConfigurationPlatforms) = preSolution
		Debug|Any CPU = Debug|Any CPU
		Release|Any CPU = Release|Any CPU
	EndGlobalSection
	GlobalSection(ProjectConfigurationPlatforms) = postSolution
		{FBC68F71-7169-4C9C-B8EE-364213DD1658}.Debug|Any CPU.ActiveCfg = Debug|Any CPU
		{FBC68F71-7169-4C9C-B8EE-364213DD1658}.Debug|Any CPU.Build.0 = Debug|Any CPU
		{FBC68F71-7169-4C9C-B8EE-364213DD1658}.Release|Any CPU.ActiveCfg = Release|Any CPU
		{FBC68F71-7169-4C9C-B8EE-364213DD1658}.Release|Any CPU.Build.0 = Release|Any CPU
	EndGlobalSection
	GlobalSection(SolutionProperties) = preSolution
		HideSolutionNode = FALSE
	EndGlobalSection
	GlobalSection(ExtensibilityGlobals) = postSolution
		SolutionGuid = {A7B13718-DE43-496D-89B2-B4FE8D4D591C}
	EndGlobalSection
EndGlobal
